%{
  "certifi": {:hex, :certifi, "2.5.1", "867ce347f7c7d78563450a18a6a28a8090331e77fa02380b4a21962a65d36ee5", [:rebar3], [{:parse_trans, "~>3.3", [hex: :parse_trans, repo: "hexpm", optional: false]}], "hexpm"},
  "crux_base": {:git, "https://github.com/spaceeec/crux_base", "309ff7e73c1b7a6c14afa13c001628956ef792f7", []},
  "crux_cache": {:hex, :crux_cache, "0.2.0", "85ff902d82cfb20e92561808914f6e9cc81ba7e629189636297ed53f889765c8", [:mix], [{:crux_structs, "~> 0.2.0", [hex: :crux_structs, repo: "hexpm", optional: false]}], "hexpm"},
  "crux_extensions": {:git, "https://github.com/spaceeec/crux_extensions.git", "9688253c33ecd2a3015f50886b385522020599f5", [branch: "feat/handler_options"]},
  "crux_gateway": {:hex, :crux_gateway, "0.2.2", "f07199f739d1507de5d04244c606eee3243f36b097ec204fc3e4b16f074133e3", [:mix], [{:gen_stage, "~> 0.13.1", [hex: :gen_stage, repo: "hexpm", optional: false]}, {:poison, "~> 3.1.0", [hex: :poison, repo: "hexpm", optional: false]}, {:websockex, "~> 0.4.1", [hex: :websockex, repo: "hexpm", optional: false]}], "hexpm"},
  "crux_rest": {:git, "https://github.com/spaceeec/crux_rest.git", "23deae35b2fb62a55e0f3ec491fbdfa0d6c8807a", []},
  "crux_structs": {:hex, :crux_structs, "0.2.1", "17c625b94b9807fceccd94219d4b7495529f65528aef64bea54f68dbb9398264", [:mix], [], "hexpm"},
  "ex_link": {:git, "https://github.com/spaceeec/ex_link.git", "8c5f9dae38384ec2e98b23f2c843ad1aac91459d", []},
  "gen_stage": {:hex, :gen_stage, "0.13.1", "edff5bca9cab22c5d03a834062515e6a1aeeb7665fb44eddae086252e39c4378", [:mix], [], "hexpm"},
  "hackney": {:hex, :hackney, "1.15.1", "9f8f471c844b8ce395f7b6d8398139e26ddca9ebc171a8b91342ee15a19963f4", [:rebar3], [{:certifi, "2.5.1", [hex: :certifi, repo: "hexpm", optional: false]}, {:idna, "6.0.0", [hex: :idna, repo: "hexpm", optional: false]}, {:metrics, "1.0.1", [hex: :metrics, repo: "hexpm", optional: false]}, {:mimerl, "~>1.1", [hex: :mimerl, repo: "hexpm", optional: false]}, {:ssl_verify_fun, "1.1.4", [hex: :ssl_verify_fun, repo: "hexpm", optional: false]}], "hexpm"},
  "httpoison": {:hex, :httpoison, "1.5.1", "0f55b5b673b03c5c327dac7015a67cb571b99b631acc0bc1b0b98dcd6b9f2104", [:mix], [{:hackney, "~> 1.8", [hex: :hackney, repo: "hexpm", optional: false]}], "hexpm"},
  "idna": {:hex, :idna, "6.0.0", "689c46cbcdf3524c44d5f3dde8001f364cd7608a99556d8fbd8239a5798d4c10", [:rebar3], [{:unicode_util_compat, "0.4.1", [hex: :unicode_util_compat, repo: "hexpm", optional: false]}], "hexpm"},
  "jason": {:hex, :jason, "1.1.2", "b03dedea67a99223a2eaf9f1264ce37154564de899fd3d8b9a21b1a6fd64afe7", [:mix], [{:decimal, "~> 1.0", [hex: :decimal, repo: "hexpm", optional: true]}], "hexpm"},
  "metrics": {:hex, :metrics, "1.0.1", "25f094dea2cda98213cecc3aeff09e940299d950904393b2a29d191c346a8486", [:rebar3], [], "hexpm"},
  "mimerl": {:hex, :mimerl, "1.2.0", "67e2d3f571088d5cfd3e550c383094b47159f3eee8ffa08e64106cdf5e981be3", [:rebar3], [], "hexpm"},
  "parse_trans": {:hex, :parse_trans, "3.3.0", "09765507a3c7590a784615cfd421d101aec25098d50b89d7aa1d66646bc571c1", [:rebar3], [], "hexpm"},
  "poison": {:hex, :poison, "3.1.0", "d9eb636610e096f86f25d9a46f35a9facac35609a7591b3be3326e99a0484665", [:mix], [], "hexpm"},
  "sentry": {:git, "https://github.com/SpaceEEC/sentry-elixir.git", "256c6b11e36721c63ac35a48b68ae435646d817b", [branch: "fix/umbrella"]},
  "simetric": {:hex, :simetric, "0.2.0", "0d6559aed7b08fd1b6794526c33836e55cee8dd99d2f9bf3e8ea46fdeb47d9e3", [:mix], [], "hexpm"},
  "ssl_verify_fun": {:hex, :ssl_verify_fun, "1.1.4", "f0eafff810d2041e93f915ef59899c923f4568f4585904d010387ed74988e77b", [:make, :mix, :rebar3], [], "hexpm"},
  "unicode_util_compat": {:hex, :unicode_util_compat, "0.4.1", "d869e4c68901dd9531385bb0c8c40444ebf624e60b6962d95952775cac5e90cd", [:rebar3], [], "hexpm"},
  "websockex": {:hex, :websockex, "0.4.2", "9a3b7dc25655517ecd3f8ff7109a77fce94956096b942836cdcfbc7c86603ecc", [:mix], [], "hexpm"},
}
